// !$*UTF8*$!
{
	archiveVersion = 1;
	classes = {
	};
	objectVersion = 51;
	objects = {

/* Begin PBXBuildFile section */
		8FEC738D25C8302B00F00C31 /* AppDelegate.swift in Sources */ = {isa = PBXBuildFile; fileRef = 8FEC738C25C8302B00F00C31 /* AppDelegate.swift */; };
		8FEC738F25C8302B00F00C31 /* SceneDelegate.swift in Sources */ = {isa = PBXBuildFile; fileRef = 8FEC738E25C8302B00F00C31 /* SceneDelegate.swift */; };
		8FEC739125C8302B00F00C31 /* ViewController.swift in Sources */ = {isa = PBXBuildFile; fileRef = 8FEC739025C8302B00F00C31 /* ViewController.swift */; };
		8FEC739425C8302B00F00C31 /* Main.storyboard in Resources */ = {isa = PBXBuildFile; fileRef = 8FEC739225C8302B00F00C31 /* Main.storyboard */; };
		8FEC739625C8302E00F00C31 /* Assets.xcassets in Resources */ = {isa = PBXBuildFile; fileRef = 8FEC739525C8302E00F00C31 /* Assets.xcassets */; };
		8FEC739925C8302E00F00C31 /* LaunchScreen.storyboard in Resources */ = {isa = PBXBuildFile; fileRef = 8FEC739725C8302E00F00C31 /* LaunchScreen.storyboard */; };
		8FEC73A125C8376300F00C31 /* FoodModel.swift in Sources */ = {isa = PBXBuildFile; fileRef = 8FEC73A025C8376300F00C31 /* FoodModel.swift */; };
		8FEC73A325C83A9E00F00C31 /* FoodManager.swift in Sources */ = {isa = PBXBuildFile; fileRef = 8FEC73A225C83A9E00F00C31 /* FoodManager.swift */; };
		8FEC73A525C84ACA00F00C31 /* FoodDelegate.swift in Sources */ = {isa = PBXBuildFile; fileRef = 8FEC73A425C84ACA00F00C31 /* FoodDelegate.swift */; };
		8FEC73AB25C852ED00F00C31 /* ReceipeTableViewCell.swift in Sources */ = {isa = PBXBuildFile; fileRef = 8FEC73A925C852ED00F00C31 /* ReceipeTableViewCell.swift */; };
		8FEC73AC25C852ED00F00C31 /* ReceipeTableViewCell.xib in Resources */ = {isa = PBXBuildFile; fileRef = 8FEC73AA25C852ED00F00C31 /* ReceipeTableViewCell.xib */; };
		8FFB080F25C932B50030F04F /* Others.swift in Sources */ = {isa = PBXBuildFile; fileRef = 8FFB080E25C932B50030F04F /* Others.swift */; };
		8FFB081225C9381E0030F04F /* ReceipeCategory.swift in Sources */ = {isa = PBXBuildFile; fileRef = 8FFB081125C9381E0030F04F /* ReceipeCategory.swift */; };
		F453D9755A146926F5846622 /* Pods_Mey_Food.framework in Frameworks */ = {isa = PBXBuildFile; fileRef = D35FDACE234D7AADACF86E1F /* Pods_Mey_Food.framework */; };
/* End PBXBuildFile section */

/* Begin PBXFileReference section */
		2A78F26D613B259CE28D238A /* Pods-Mey Food.debug.xcconfig */ = {isa = PBXFileReference; includeInIndex = 1; lastKnownFileType = text.xcconfig; name = "Pods-Mey Food.debug.xcconfig"; path = "Target Support Files/Pods-Mey Food/Pods-Mey Food.debug.xcconfig"; sourceTree = "<group>"; };
		8FEC738925C8302B00F00C31 /* Mey Food.app */ = {isa = PBXFileReference; explicitFileType = wrapper.application; includeInIndex = 0; path = "Mey Food.app"; sourceTree = BUILT_PRODUCTS_DIR; };
		8FEC738C25C8302B00F00C31 /* AppDelegate.swift */ = {isa = PBXFileReference; lastKnownFileType = sourcecode.swift; path = AppDelegate.swift; sourceTree = "<group>"; };
		8FEC738E25C8302B00F00C31 /* SceneDelegate.swift */ = {isa = PBXFileReference; lastKnownFileType = sourcecode.swift; path = SceneDelegate.swift; sourceTree = "<group>"; };
		8FEC739025C8302B00F00C31 /* ViewController.swift */ = {isa = PBXFileReference; lastKnownFileType = sourcecode.swift; path = ViewController.swift; sourceTree = "<group>"; };
		8FEC739325C8302B00F00C31 /* Base */ = {isa = PBXFileReference; lastKnownFileType = file.storyboard; name = Base; path = Base.lproj/Main.storyboard; sourceTree = "<group>"; };
		8FEC739525C8302E00F00C31 /* Assets.xcassets */ = {isa = PBXFileReference; lastKnownFileType = folder.assetcatalog; path = Assets.xcassets; sourceTree = "<group>"; };
		8FEC739825C8302E00F00C31 /* Base */ = {isa = PBXFileReference; lastKnownFileType = file.storyboard; name = Base; path = Base.lproj/LaunchScreen.storyboard; sourceTree = "<group>"; };
		8FEC739A25C8302E00F00C31 /* Info.plist */ = {isa = PBXFileReference; lastKnownFileType = text.plist.xml; path = Info.plist; sourceTree = "<group>"; };
		8FEC73A025C8376300F00C31 /* FoodModel.swift */ = {isa = PBXFileReference; lastKnownFileType = sourcecode.swift; path = FoodModel.swift; sourceTree = "<group>"; };
		8FEC73A225C83A9E00F00C31 /* FoodManager.swift */ = {isa = PBXFileReference; lastKnownFileType = sourcecode.swift; path = FoodManager.swift; sourceTree = "<group>"; };
		8FEC73A425C84ACA00F00C31 /* FoodDelegate.swift */ = {isa = PBXFileReference; lastKnownFileType = sourcecode.swift; path = FoodDelegate.swift; sourceTree = "<group>"; };
		8FEC73A925C852ED00F00C31 /* ReceipeTableViewCell.swift */ = {isa = PBXFileReference; lastKnownFileType = sourcecode.swift; path = ReceipeTableViewCell.swift; sourceTree = "<group>"; };
		8FEC73AA25C852ED00F00C31 /* ReceipeTableViewCell.xib */ = {isa = PBXFileReference; lastKnownFileType = file.xib; path = ReceipeTableViewCell.xib; sourceTree = "<group>"; };
		8FFB080E25C932B50030F04F /* Others.swift */ = {isa = PBXFileReference; lastKnownFileType = sourcecode.swift; path = Others.swift; sourceTree = "<group>"; };
		8FFB081125C9381E0030F04F /* ReceipeCategory.swift */ = {isa = PBXFileReference; lastKnownFileType = sourcecode.swift; path = ReceipeCategory.swift; sourceTree = "<group>"; };
		C06F7832C72F26E6ACCD3AC8 /* Pods-Mey Food.release.xcconfig */ = {isa = PBXFileReference; includeInIndex = 1; lastKnownFileType = text.xcconfig; name = "Pods-Mey Food.release.xcconfig"; path = "Target Support Files/Pods-Mey Food/Pods-Mey Food.release.xcconfig"; sourceTree = "<group>"; };
		D35FDACE234D7AADACF86E1F /* Pods_Mey_Food.framework */ = {isa = PBXFileReference; explicitFileType = wrapper.framework; includeInIndex = 0; path = Pods_Mey_Food.framework; sourceTree = BUILT_PRODUCTS_DIR; };
/* End PBXFileReference section */

/* Begin PBXFrameworksBuildPhase section */
		8FEC738625C8302B00F00C31 /* Frameworks */ = {
			isa = PBXFrameworksBuildPhase;
			buildActionMask = 2147483647;
			files = (
				F453D9755A146926F5846622 /* Pods_Mey_Food.framework in Frameworks */,
			);
			runOnlyForDeploymentPostprocessing = 0;
		};
/* End PBXFrameworksBuildPhase section */

/* Begin PBXGroup section */
		5ECE40849572AC3D777BC96F /* Pods */ = {
			isa = PBXGroup;
			children = (
				2A78F26D613B259CE28D238A /* Pods-Mey Food.debug.xcconfig */,
				C06F7832C72F26E6ACCD3AC8 /* Pods-Mey Food.release.xcconfig */,
			);
			path = Pods;
			sourceTree = "<group>";
		};
		8FEC738025C8302B00F00C31 = {
			isa = PBXGroup;
			children = (
				8FEC738B25C8302B00F00C31 /* Mey Food */,
				8FEC738A25C8302B00F00C31 /* Products */,
				5ECE40849572AC3D777BC96F /* Pods */,
				C6B37D27F2704F69C7872FF1 /* Frameworks */,
			);
			sourceTree = "<group>";
		};
		8FEC738A25C8302B00F00C31 /* Products */ = {
			isa = PBXGroup;
			children = (
				8FEC738925C8302B00F00C31 /* Mey Food.app */,
			);
			name = Products;
			sourceTree = "<group>";
		};
		8FEC738B25C8302B00F00C31 /* Mey Food */ = {
			isa = PBXGroup;
			children = (
				8FEC738C25C8302B00F00C31 /* AppDelegate.swift */,
				8FEC738E25C8302B00F00C31 /* SceneDelegate.swift */,
				8FEC73A725C8522200F00C31 /* Controller */,
				8FEC73A625C8521C00F00C31 /* View */,
				8FEC739525C8302E00F00C31 /* Assets.xcassets */,
				8FEC739725C8302E00F00C31 /* LaunchScreen.storyboard */,
				8FEC739A25C8302E00F00C31 /* Info.plist */,
				8FEC73A825C8523900F00C31 /* Model */,
				8FFB081025C932BE0030F04F /* Others */,
			);
			path = "Mey Food";
			sourceTree = "<group>";
		};
		8FEC73A625C8521C00F00C31 /* View */ = {
			isa = PBXGroup;
			children = (
				8FEC739225C8302B00F00C31 /* Main.storyboard */,
				8FEC73A925C852ED00F00C31 /* ReceipeTableViewCell.swift */,
				8FEC73AA25C852ED00F00C31 /* ReceipeTableViewCell.xib */,
			);
			path = View;
			sourceTree = "<group>";
		};
		8FEC73A725C8522200F00C31 /* Controller */ = {
			isa = PBXGroup;
			children = (
				8FEC739025C8302B00F00C31 /* ViewController.swift */,
			);
			path = Controller;
			sourceTree = "<group>";
		};
		8FEC73A825C8523900F00C31 /* Model */ = {
			isa = PBXGroup;
			children = (
				8FEC73A025C8376300F00C31 /* FoodModel.swift */,
				8FEC73A225C83A9E00F00C31 /* FoodManager.swift */,
				8FEC73A425C84ACA00F00C31 /* FoodDelegate.swift */,
				8FFB081125C9381E0030F04F /* ReceipeCategory.swift */,
			);
			path = Model;
			sourceTree = "<group>";
		};
		8FFB081025C932BE0030F04F /* Others */ = {
			isa = PBXGroup;
			children = (
				8FFB080E25C932B50030F04F /* Others.swift */,
			);
			path = Others;
			sourceTree = "<group>";
		};
		C6B37D27F2704F69C7872FF1 /* Frameworks */ = {
			isa = PBXGroup;
			children = (
				D35FDACE234D7AADACF86E1F /* Pods_Mey_Food.framework */,
			);
			name = Frameworks;
			sourceTree = "<group>";
		};
/* End PBXGroup section */

/* Begin PBXNativeTarget section */
		8FEC738825C8302B00F00C31 /* Mey Food */ = {
			isa = PBXNativeTarget;
			buildConfigurationList = 8FEC739D25C8302E00F00C31 /* Build configuration list for PBXNativeTarget "Mey Food" */;
			buildPhases = (
				0F43A89683072499F6710FA2 /* [CP] Check Pods Manifest.lock */,
				8FEC738525C8302B00F00C31 /* Sources */,
				8FEC738625C8302B00F00C31 /* Frameworks */,
				8FEC738725C8302B00F00C31 /* Resources */,
				B797D8DE3B58AE5D9C7B7163 /* [CP] Embed Pods Frameworks */,
			);
			buildRules = (
			);
			dependencies = (
			);
			name = "Mey Food";
			productName = "Mey Food";
			productReference = 8FEC738925C8302B00F00C31 /* Mey Food.app */;
			productType = "com.apple.product-type.application";
		};
/* End PBXNativeTarget section */

/* Begin PBXProject section */
		8FEC738125C8302B00F00C31 /* Project object */ = {
			isa = PBXProject;
			attributes = {
				LastSwiftUpdateCheck = 1130;
				LastUpgradeCheck = 1130;
				ORGANIZATIONNAME = IndratSaputra;
				TargetAttributes = {
					8FEC738825C8302B00F00C31 = {
						CreatedOnToolsVersion = 11.3;
					};
				};
			};
			buildConfigurationList = 8FEC738425C8302B00F00C31 /* Build configuration list for PBXProject "Mey Food" */;
			compatibilityVersion = "Xcode 9.3";
			developmentRegion = en;
			hasScannedForEncodings = 0;
			knownRegions = (
				en,
				Base,
			);
			mainGroup = 8FEC738025C8302B00F00C31;
			productRefGroup = 8FEC738A25C8302B00F00C31 /* Products */;
			projectDirPath = "";
			projectRoot = "";
			targets = (
				8FEC738825C8302B00F00C31 /* Mey Food */,
			);
		};
/* End PBXProject section */

/* Begin PBXResourcesBuildPhase section */
		8FEC738725C8302B00F00C31 /* Resources */ = {
			isa = PBXResourcesBuildPhase;
			buildActionMask = 2147483647;
			files = (
				8FEC739925C8302E00F00C31 /* LaunchScreen.storyboard in Resources */,
				8FEC73AC25C852ED00F00C31 /* ReceipeTableViewCell.xib in Resources */,
				8FEC739625C8302E00F00C31 /* Assets.xcassets in Resources */,
				8FEC739425C8302B00F00C31 /* Main.storyboard in Resources */,
			);
			runOnlyForDeploymentPostprocessing = 0;
		};
/* End PBXResourcesBuildPhase section */

/* Begin PBXShellScriptBuildPhase section */
		0F43A89683072499F6710FA2 /* [CP] Check Pods Manifest.lock */ = {
			isa = PBXShellScriptBuildPhase;
			buildActionMask = 2147483647;
			files = (
			);
			inputFileListPaths = (
			);
			inputPaths = (
				"${PODS_PODFILE_DIR_PATH}/Podfile.lock",
				"${PODS_ROOT}/Manifest.lock",
			);
			name = "[CP] Check Pods Manifest.lock";
			outputFileListPaths = (
			);
			outputPaths = (
				"$(DERIVED_FILE_DIR)/Pods-Mey Food-checkManifestLockResult.txt",
			);
			runOnlyForDeploymentPostprocessing = 0;
			shellPath = /bin/sh;
			shellScript = "diff \"${PODS_PODFILE_DIR_PATH}/Podfile.lock\" \"${PODS_ROOT}/Manifest.lock\" > /dev/null\nif [ $? != 0 ] ; then\n    # print error to STDERR\n    echo \"error: The sandbox is not in sync with the Podfile.lock. Run 'pod install' or update your CocoaPods installation.\" >&2\n    exit 1\nfi\n# This output is used by Xcode 'outputs' to avoid re-running this script phase.\necho \"SUCCESS\" > \"${SCRIPT_OUTPUT_FILE_0}\"\n";
			showEnvVarsInLog = 0;
		};
		B797D8DE3B58AE5D9C7B7163 /* [CP] Embed Pods Frameworks */ = {
			isa = PBXShellScriptBuildPhase;
			buildActionMask = 2147483647;
			files = (
			);
			inputFileListPaths = (
				"${PODS_ROOT}/Target Support Files/Pods-Mey Food/Pods-Mey Food-frameworks-${CONFIGURATION}-input-files.xcfilelist",
			);
			name = "[CP] Embed Pods Frameworks";
			outputFileListPaths = (
				"${PODS_ROOT}/Target Support Files/Pods-Mey Food/Pods-Mey Food-frameworks-${CONFIGURATION}-output-files.xcfilelist",
			);
			runOnlyForDeploymentPostprocessing = 0;
			shellPath = /bin/sh;
			shellScript = "\"${PODS_ROOT}/Target Support Files/Pods-Mey Food/Pods-Mey Food-frameworks.sh\"\n";
			showEnvVarsInLog = 0;
		};
/* End PBXShellScriptBuildPhase section */

/* Begin PBXSourcesBuildPhase section */
		8FEC738525C8302B00F00C31 /* Sources */ = {
			isa = PBXSourcesBuildPhase;
			buildActionMask = 2147483647;
			files = (
				8FEC739125C8302B00F00C31 /* ViewController.swift in Sources */,
				8FEC73A325C83A9E00F00C31 /* FoodManager.swift in Sources */,
				8FEC73AB25C852ED00F00C31 /* ReceipeTableViewCell.swift in Sources */,
				8FEC738D25C8302B00F00C31 /* AppDelegate.swift in Sources */,
				8FFB080F25C932B50030F04F /* Others.swift in Sources */,
				8FFB081225C9381E0030F04F /* ReceipeCategory.swift in Sources */,
				8FEC738F25C8302B00F00C31 /* SceneDelegate.swift in Sources */,
				8FEC73A525C84ACA00F00C31 /* FoodDelegate.swift in Sources */,
				8FEC73A125C8376300F00C31 /* FoodModel.swift in Sources */,
			);
			runOnlyForDeploymentPostprocessing = 0;
		};
/* End PBXSourcesBuildPhase section */

/* Begin PBXVariantGroup section */
		8FEC739225C8302B00F00C31 /* Main.storyboard */ = {
			isa = PBXVariantGroup;
			children = (
				8FEC739325C8302B00F00C31 /* Base */,
			);
			name = Main.storyboard;
			sourceTree = "<group>";
		};
		8FEC739725C8302E00F00C31 /* LaunchScreen.storyboard */ = {
			isa = PBXVariantGroup;
			children = (
				8FEC739825C8302E00F00C31 /* Base */,
			);
			name = LaunchScreen.storyboard;
			sourceTree = "<group>";
		};
/* End PBXVariantGroup section */

/* Begin XCBuildConfiguration section */
		8FEC739B25C8302E00F00C31 /* Debug */ = {
			isa = XCBuildConfiguration;
			buildSettings = {
				ALWAYS_SEARCH_USER_PATHS = NO;
				CLANG_ANALYZER_NONNULL = YES;
				CLANG_ANALYZER_NUMBER_OBJECT_CONVERSION = YES_AGGRESSIVE;
				CLANG_CXX_LANGUAGE_STANDARD = "gnu++14";
				CLANG_CXX_LIBRARY = "libc++";
				CLANG_ENABLE_MODULES = YES;
				CLANG_ENABLE_OBJC_ARC = YES;
				CLANG_ENABLE_OBJC_WEAK = YES;
				CLANG_WARN_BLOCK_CAPTURE_AUTORELEASING = YES;
				CLANG_WARN_BOOL_CONVERSION = YES;
				CLANG_WARN_COMMA = YES;
				CLANG_WARN_CONSTANT_CONVERSION = YES;
				CLANG_WARN_DEPRECATED_OBJC_IMPLEMENTATIONS = YES;
				CLANG_WARN_DIRECT_OBJC_ISA_USAGE = YES_ERROR;
				CLANG_WARN_DOCUMENTATION_COMMENTS = YES;
				CLANG_WARN_EMPTY_BODY = YES;
				CLANG_WARN_ENUM_CONVERSION = YES;
				CLANG_WARN_INFINITE_RECURSION = YES;
				CLANG_WARN_INT_CONVERSION = YES;
				CLANG_WARN_NON_LITERAL_NULL_CONVERSION = YES;
				CLANG_WARN_OBJC_IMPLICIT_RETAIN_SELF = YES;
				CLANG_WARN_OBJC_LITERAL_CONVERSION = YES;
				CLANG_WARN_OBJC_ROOT_CLASS = YES_ERROR;
				CLANG_WARN_RANGE_LOOP_ANALYSIS = YES;
				CLANG_WARN_STRICT_PROTOTYPES = YES;
				CLANG_WARN_SUSPICIOUS_MOVE = YES;
				CLANG_WARN_UNGUARDED_AVAILABILITY = YES_AGGRESSIVE;
				CLANG_WARN_UNREACHABLE_CODE = YES;
				CLANG_WARN__DUPLICATE_METHOD_MATCH = YES;
				COPY_PHASE_STRIP = NO;
				DEBUG_INFORMATION_FORMAT = dwarf;
				ENABLE_STRICT_OBJC_MSGSEND = YES;
				ENABLE_TESTABILITY = YES;
				GCC_C_LANGUAGE_STANDARD = gnu11;
				GCC_DYNAMIC_NO_PIC = NO;
				GCC_NO_COMMON_BLOCKS = YES;
				GCC_OPTIMIZATION_LEVEL = 0;
				GCC_PREPROCESSOR_DEFINITIONS = (
					"DEBUG=1",
					"$(inherited)",
				);
				GCC_WARN_64_TO_32_BIT_CONVERSION = YES;
				GCC_WARN_ABOUT_RETURN_TYPE = YES_ERROR;
				GCC_WARN_UNDECLARED_SELECTOR = YES;
				GCC_WARN_UNINITIALIZED_AUTOS = YES_AGGRESSIVE;
				GCC_WARN_UNUSED_FUNCTION = YES;
				GCC_WARN_UNUSED_VARIABLE = YES;
				IPHONEOS_DEPLOYMENT_TARGET = 13.2;
				MTL_ENABLE_DEBUG_INFO = INCLUDE_SOURCE;
				MTL_FAST_MATH = YES;
				ONLY_ACTIVE_ARCH = YES;
				SDKROOT = iphoneos;
				SWIFT_ACTIVE_COMPILATION_CONDITIONS = DEBUG;
				SWIFT_OPTIMIZATION_LEVEL = "-Onone";
			};
			name = Debug;
		};
		8FEC739C25C8302E00F00C31 /* Release */ = {
			isa = XCBuildConfiguration;
			buildSettings = {
				ALWAYS_SEARCH_USER_PATHS = NO;
				CLANG_ANALYZER_NONNULL = YES;
				CLANG_ANALYZER_NUMBER_OBJECT_CONVERSION = YES_AGGRESSIVE;
				CLANG_CXX_LANGUAGE_STANDARD = "gnu++14";
				CLANG_CXX_LIBRARY = "libc++";
				CLANG_ENABLE_MODULES = YES;
				CLANG_ENABLE_OBJC_ARC = YES;
				CLANG_ENABLE_OBJC_WEAK = YES;
				CLANG_WARN_BLOCK_CAPTURE_AUTORELEASING = YES;
				CLANG_WARN_BOOL_CONVERSION = YES;
				CLANG_WARN_COMMA = YES;
				CLANG_WARN_CONSTANT_CONVERSION = YES;
				CLANG_WARN_DEPRECATED_OBJC_IMPLEMENTATIONS = YES;
				CLANG_WARN_DIRECT_OBJC_ISA_USAGE = YES_ERROR;
				CLANG_WARN_DOCUMENTATION_COMMENTS = YES;
				CLANG_WARN_EMPTY_BODY = YES;
				CLANG_WARN_ENUM_CONVERSION = YES;
				CLANG_WARN_INFINITE_RECURSION = YES;
				CLANG_WARN_INT_CONVERSION = YES;
				CLANG_WARN_NON_LITERAL_NULL_CONVERSION = YES;
				CLANG_WARN_OBJC_IMPLICIT_RETAIN_SELF = YES;
				CLANG_WARN_OBJC_LITERAL_CONVERSION = YES;
				CLANG_WARN_OBJC_ROOT_CLASS = YES_ERROR;
				CLANG_WARN_RANGE_LOOP_ANALYSIS = YES;
				CLANG_WARN_STRICT_PROTOTYPES = YES;
				CLANG_WARN_SUSPICIOUS_MOVE = YES;
				CLANG_WARN_UNGUARDED_AVAILABILITY = YES_AGGRESSIVE;
				CLANG_WARN_UNREACHABLE_CODE = YES;
				CLANG_WARN__DUPLICATE_METHOD_MATCH = YES;
				COPY_PHASE_STRIP = NO;
				DEBUG_INFORMATION_FORMAT = "dwarf-with-dsym";
				ENABLE_NS_ASSERTIONS = NO;
				ENABLE_STRICT_OBJC_MSGSEND = YES;
				GCC_C_LANGUAGE_STANDARD = gnu11;
				GCC_NO_COMMON_BLOCKS = YES;
				GCC_WARN_64_TO_32_BIT_CONVERSION = YES;
				GCC_WARN_ABOUT_RETURN_TYPE = YES_ERROR;
				GCC_WARN_UNDECLARED_SELECTOR = YES;
				GCC_WARN_UNINITIALIZED_AUTOS = YES_AGGRESSIVE;
				GCC_WARN_UNUSED_FUNCTION = YES;
				GCC_WARN_UNUSED_VARIABLE = YES;
				IPHONEOS_DEPLOYMENT_TARGET = 13.2;
				MTL_ENABLE_DEBUG_INFO = NO;
				MTL_FAST_MATH = YES;
				SDKROOT = iphoneos;
				SWIFT_COMPILATION_MODE = wholemodule;
				SWIFT_OPTIMIZATION_LEVEL = "-O";
				VALIDATE_PRODUCT = YES;
			};
			name = Release;
		};
		8FEC739E25C8302E00F00C31 /* Debug */ = {
			isa = XCBuildConfiguration;
			baseConfigurationReference = 2A78F26D613B259CE28D238A /* Pods-Mey Food.debug.xcconfig */;
			buildSettings = {
				ASSETCATALOG_COMPILER_APPICON_NAME = AppIcon;
				CODE_SIGN_STYLE = Automatic;
				INFOPLIST_FILE = "Mey Food/Info.plist";
				LD_RUNPATH_SEARCH_PATHS = (
					"$(inherited)",
					"@executable_path/Frameworks",
				);
				PRODUCT_BUNDLE_IDENTIFIER = "com.appIDS.Mey-Food";
				PRODUCT_NAME = "$(TARGET_NAME)";
				SWIFT_VERSION = 5.0;
				TARGETED_DEVICE_FAMILY = "1,2";
			};
			name = Debug;
		};
		8FEC739F25C8302E00F00C31 /* Release */ = {
			isa = XCBuildConfiguration;
			baseConfigurationReference = C06F7832C72F26E6ACCD3AC8 /* Pods-Mey Food.release.xcconfig */;
			buildSettings = {
				ASSETCATALOG_COMPILER_APPICON_NAME = AppIcon;
				CODE_SIGN_STYLE = Automatic;
				INFOPLIST_FILE = "Mey Food/Info.plist";
				LD_RUNPATH_SEARCH_PATHS = (
					"$(inherited)",
					"@executable_path/Frameworks",
				);
				PRODUCT_BUNDLE_IDENTIFIER = "com.appIDS.Mey-Food";
				PRODUCT_NAME = "$(TARGET_NAME)";
				SWIFT_VERSION = 5.0;
				TARGETED_DEVICE_FAMILY = "1,2";
			};
			name = Release;
		};
/* End XCBuildConfiguration section */

/* Begin XCConfigurationList section */
		8FEC738425C8302B00F00C31 /* Build configuration list for PBXProject "Mey Food" */ = {
			isa = XCConfigurationList;
			buildConfigurations = (
				8FEC739B25C8302E00F00C31 /* Debug */,
				8FEC739C25C8302E00F00C31 /* Release */,
			);
			defaultConfigurationIsVisible = 0;
			defaultConfigurationName = Release;
		};
		8FEC739D25C8302E00F00C31 /* Build configuration list for PBXNativeTarget "Mey Food" */ = {
			isa = XCConfigurationList;
			buildConfigurations = (
				8FEC739E25C8302E00F00C31 /* Debug */,
				8FEC739F25C8302E00F00C31 /* Release */,
			);
			defaultConfigurationIsVisible = 0;
			defaultConfigurationName = Release;
		};
/* End XCConfigurationList section */
	};
	rootObject = 8FEC738125C8302B00F00C31 /* Project object */;
}
